{
  "lockfileVersion": 1,
  "configVersion": 0,
  "workspaces": {
    "": {
      "name": "@vinjocarsales/xiao-series",
      "dependencies": {
        "@tscircuit/copper-pour-solver": "^0.0.32",
        "@tscircuit/infer-cable-insertion-point": "^0.0.2",
        "@tscircuit/miniflex": "^0.0.4",
        "@tscircuit/schematic-trace-solver": "^0.0.68",
        "@tscircuit/soup-util": "^0.0.41",
        "calculate-elbow": "^0.0.12",
        "circuit-json-to-spice": "^0.0.37",
        "connectivity-map": "^1.0.0",
        "flatbush": "^4.6.2",
        "minicssgrid": "^0.0.9",
        "spicets": "^0.0.4",
        "spicey": "^0.0.14",
      },
      "devDependencies": {
        "@tscircuit/core": "^0.0.1325",
        "@tscircuit/props": "^0.0.546",
        "@types/react": "^19.1.8",
        "tsup": "^8.5.0",
        "typescript": "^5.8.3",
      },
      "peerDependencies": {
        "@tscircuit/core": "^0.0.1325",
        "@tscircuit/props": "^0.0.546",
        "react": ">=18",
      },
    },
  },
  "packages": {
    "@babel/runtime": ["@babel/runtime@7.29.7", "", {}, ""],

    "@biomejs/biome": ["@biomejs/biome@2.5.0", "", { "optionalDependencies": { "@biomejs/cli-darwin-arm64": "2.5.0", "@biomejs/cli-darwin-x64": "2.5.0", "@biomejs/cli-linux-arm64": "2.5.0", "@biomejs/cli-linux-arm64-musl": "2.5.0", "@biomejs/cli-linux-x64": "2.5.0", "@biomejs/cli-linux-x64-musl": "2.5.0", "@biomejs/cli-win32-arm64": "2.5.0", "@biomejs/cli-win32-x64": "2.5.0" }, "bin": { "biome": "bin/biome" } }, "sha512-4kURkd9hAPrdDM3C9n82ycYgx8hvQcW6MjKTEejruj8rK0N8P3OPpdy8BvI8kt3KWY4ycF5XtDOrktetEfhfuw=="],

    "@biomejs/cli-darwin-arm64": ["@biomejs/cli-darwin-arm64@2.5.0", "", { "os": "darwin", "cpu": "arm64" }, "sha512-Mn3Fwi3SA5fgmfCPqmzpWF2DLZnms3BVAhM088nTnGrTZmHS3wwIjcoZPqpXeNgd3DrrLH6xp8vTLIBuJoZiXw=="],

    "@biomejs/cli-darwin-x64": ["@biomejs/cli-darwin-x64@2.5.0", "", { "os": "darwin", "cpu": "x64" }, "sha512-rg3VPL5P8mYro6pqlXYXuJWph21slVp3SZtAqWSrkZs40d2gTzYmHF8E/X1iTID25btmNKltNDJ926sqVBp7DQ=="],

    "@biomejs/cli-linux-arm64": ["@biomejs/cli-linux-arm64@2.5.0", "", { "os": "linux", "cpu": "arm64" }, "sha512-tl+LW8fdD96/xdeWtWwc82LIOc5CoY7N2AsogLTp5R4ECErYt+8Jl/N68ezN9vzSiqPTxw6vjcihoLPYKZHrlw=="],

    "@biomejs/cli-linux-arm64-musl": ["@biomejs/cli-linux-arm64-musl@2.5.0", "", { "os": "linux", "cpu": "arm64" }, "sha512-vQdM4oSGaf7ZNeGO9w5+Y8SBtyser9M6znxYbm7Ec8wInxJu1WiKxFYZW5Auj2d80bcVvefuGGRxoFOE0eee8g=="],

    "@biomejs/cli-linux-x64": ["@biomejs/cli-linux-x64@2.5.0", "", { "os": "linux", "cpu": "x64" }, "sha512-zpEGf4RQbFEh8Vt7OmavLyyOzRbtcE9osCqrS1kfvt8jDvxwhKXLSf7n0ebr/ov0RJ9ssP+lhs6C8a9WwFvrQA=="],

    "@biomejs/cli-linux-x64-musl": ["@biomejs/cli-linux-x64-musl@2.5.0", "", { "os": "linux", "cpu": "x64" }, "sha512-+9hIcMngJ+yGUahXqZuZ8CoWKJE9SAZsFsM3QDvXpNsLbXZ9lqVzgBhOk/jTSYkOA0GLP9eu3teukqpLUojHMg=="],

    "@biomejs/cli-win32-arm64": ["@biomejs/cli-win32-arm64@2.5.0", "", { "os": "win32", "cpu": "arm64" }, "sha512-jB0wAvTLI4itx5VidqVUejPQFhRUxiZ9l9FvZ26D5fl6t3qme+ZB4PD3bTSeL1vZ8NI2Rx/zj6H9zcESuGHKGw=="],

    "@biomejs/cli-win32-x64": ["@biomejs/cli-win32-x64@2.5.0", "", { "os": "win32", "cpu": "x64" }, "sha512-VT/lF+GId+67j8aDfLkxdxNoVApsPSTbyAtB3jJq0IWTrY77WXfbPfpngxq0bA6JCEv/7k8C9qWjDRKRznDlyw=="],

    "@emnapi/runtime": ["@emnapi/runtime@1.11.1", "", { "dependencies": { "tslib": "^2.4.0" } }, "sha512-vgj7R3y3Wgx24IQaGPA/R6YFXLHVMOZ0uVEyIQPaWs+rd1AzfEMXlAC22FYwO1XkKR6NPsq7mUandH8oIRdZFw=="],

    "@esbuild/darwin-arm64": ["@esbuild/darwin-arm64@0.27.7", "", { "os": "darwin", "cpu": "arm64" }, ""],

    "@flatten-js/core": ["@flatten-js/core@1.6.12", "", { "dependencies": { "@flatten-js/interval-tree": "^2.0.0" } }, ""],

    "@flatten-js/interval-tree": ["@flatten-js/interval-tree@2.0.3", "", { "dependencies": { "tslib": "^2.8.1" } }, ""],

    "@gltf-transform/core": ["@gltf-transform/core@4.4.0", "", { "dependencies": { "property-graph": "^4.1.0" } }, "sha512-cOPxOhHFFz5hwmix+li1+Nnq5qMV/QD3fTCsVlApxxFACtFdjkt2R/juseD4gvZ7D2c/yl6OilKH0pvI735YyQ=="],

    "@gltf-transform/extensions": ["@gltf-transform/extensions@4.4.0", "", { "dependencies": { "@gltf-transform/core": "^4.4.0", "ktx-parse": "^1.1.0" } }, "sha512-ZwEgFkkqnUR7d4m6roK9BycxxdoqJNtVyo7w5ShJ9syKBoQiXw2QrTSLwXaUAImSrEIl9Jh/wZTtvSVyviQuXg=="],

    "@gltf-transform/functions": ["@gltf-transform/functions@4.4.0", "", { "dependencies": { "@gltf-transform/core": "^4.4.0", "@gltf-transform/extensions": "^4.4.0", "ktx-parse": "^1.1.0", "ndarray": "^1.0.19", "ndarray-lanczos": "^0.3.0", "ndarray-pixels": "^5.0.1" } }, "sha512-CaSTAVAd2NXNWsxdgvq090rKHqy7AQlcNWV4ec7xtQyS8WEv3S3gVN27ikWmdB8nWEsXUbOIDhtPMLbXI6xDJg=="],

    "@img/colour": ["@img/colour@1.1.0", "", {}, "sha512-Td76q7j57o/tLVdgS746cYARfSyxk8iEfRxewL9h4OMzYhbW4TAcppl0mT4eyqXddh6L/jwoM75mo7ixa/pCeQ=="],

    "@img/sharp-darwin-arm64": ["@img/sharp-darwin-arm64@0.34.5", "", { "optionalDependencies": { "@img/sharp-libvips-darwin-arm64": "1.2.4" }, "os": "darwin", "cpu": "arm64" }, "sha512-imtQ3WMJXbMY4fxb/Ndp6HBTNVtWCUI0WdobyheGf5+ad6xX8VIDO8u2xE4qc/fr08CKG/7dDseFtn6M6g/r3w=="],

    "@img/sharp-darwin-x64": ["@img/sharp-darwin-x64@0.34.5", "", { "optionalDependencies": { "@img/sharp-libvips-darwin-x64": "1.2.4" }, "os": "darwin", "cpu": "x64" }, "sha512-YNEFAF/4KQ/PeW0N+r+aVVsoIY0/qxxikF2SWdp+NRkmMB7y9LBZAVqQ4yhGCm/H3H270OSykqmQMKLBhBJDEw=="],

    "@img/sharp-libvips-darwin-arm64": ["@img/sharp-libvips-darwin-arm64@1.2.4", "", { "os": "darwin", "cpu": "arm64" }, "sha512-zqjjo7RatFfFoP0MkQ51jfuFZBnVE2pRiaydKJ1G/rHZvnsrHAOcQALIi9sA5co5xenQdTugCvtb1cuf78Vf4g=="],

    "@img/sharp-libvips-darwin-x64": ["@img/sharp-libvips-darwin-x64@1.2.4", "", { "os": "darwin", "cpu": "x64" }, "sha512-1IOd5xfVhlGwX+zXv2N93k0yMONvUlANylbJw1eTah8K/Jtpi15KC+WSiaX/nBmbm2HxRM1gZ0nSdjSsrZbGKg=="],

    "@img/sharp-libvips-linux-arm": ["@img/sharp-libvips-linux-arm@1.2.4", "", { "os": "linux", "cpu": "arm" }, "sha512-bFI7xcKFELdiNCVov8e44Ia4u2byA+l3XtsAj+Q8tfCwO6BQ8iDojYdvoPMqsKDkuoOo+X6HZA0s0q11ANMQ8A=="],

    "@img/sharp-libvips-linux-arm64": ["@img/sharp-libvips-linux-arm64@1.2.4", "", { "os": "linux", "cpu": "arm64" }, "sha512-excjX8DfsIcJ10x1Kzr4RcWe1edC9PquDRRPx3YVCvQv+U5p7Yin2s32ftzikXojb1PIFc/9Mt28/y+iRklkrw=="],

    "@img/sharp-libvips-linux-ppc64": ["@img/sharp-libvips-linux-ppc64@1.2.4", "", { "os": "linux", "cpu": "ppc64" }, "sha512-FMuvGijLDYG6lW+b/UvyilUWu5Ayu+3r2d1S8notiGCIyYU/76eig1UfMmkZ7vwgOrzKzlQbFSuQfgm7GYUPpA=="],

    "@img/sharp-libvips-linux-riscv64": ["@img/sharp-libvips-linux-riscv64@1.2.4", "", { "os": "linux", "cpu": "none" }, "sha512-oVDbcR4zUC0ce82teubSm+x6ETixtKZBh/qbREIOcI3cULzDyb18Sr/Wcyx7NRQeQzOiHTNbZFF1UwPS2scyGA=="],

    "@img/sharp-libvips-linux-s390x": ["@img/sharp-libvips-linux-s390x@1.2.4", "", { "os": "linux", "cpu": "s390x" }, "sha512-qmp9VrzgPgMoGZyPvrQHqk02uyjA0/QrTO26Tqk6l4ZV0MPWIW6LTkqOIov+J1yEu7MbFQaDpwdwJKhbJvuRxQ=="],

    "@img/sharp-libvips-linux-x64": ["@img/sharp-libvips-linux-x64@1.2.4", "", { "os": "linux", "cpu": "x64" }, "sha512-tJxiiLsmHc9Ax1bz3oaOYBURTXGIRDODBqhveVHonrHJ9/+k89qbLl0bcJns+e4t4rvaNBxaEZsFtSfAdquPrw=="],

    "@img/sharp-libvips-linuxmusl-arm64": ["@img/sharp-libvips-linuxmusl-arm64@1.2.4", "", { "os": "linux", "cpu": "arm64" }, "sha512-FVQHuwx1IIuNow9QAbYUzJ+En8KcVm9Lk5+uGUQJHaZmMECZmOlix9HnH7n1TRkXMS0pGxIJokIVB9SuqZGGXw=="],

    "@img/sharp-libvips-linuxmusl-x64": ["@img/sharp-libvips-linuxmusl-x64@1.2.4", "", { "os": "linux", "cpu": "x64" }, "sha512-+LpyBk7L44ZIXwz/VYfglaX/okxezESc6UxDSoyo2Ks6Jxc4Y7sGjpgU9s4PMgqgjj1gZCylTieNamqA1MF7Dg=="],

    "@img/sharp-linux-arm": ["@img/sharp-linux-arm@0.34.5", "", { "optionalDependencies": { "@img/sharp-libvips-linux-arm": "1.2.4" }, "os": "linux", "cpu": "arm" }, "sha512-9dLqsvwtg1uuXBGZKsxem9595+ujv0sJ6Vi8wcTANSFpwV/GONat5eCkzQo/1O6zRIkh0m/8+5BjrRr7jDUSZw=="],

    "@img/sharp-linux-arm64": ["@img/sharp-linux-arm64@0.34.5", "", { "optionalDependencies": { "@img/sharp-libvips-linux-arm64": "1.2.4" }, "os": "linux", "cpu": "arm64" }, "sha512-bKQzaJRY/bkPOXyKx5EVup7qkaojECG6NLYswgktOZjaXecSAeCWiZwwiFf3/Y+O1HrauiE3FVsGxFg8c24rZg=="],

    "@img/sharp-linux-ppc64": ["@img/sharp-linux-ppc64@0.34.5", "", { "optionalDependencies": { "@img/sharp-libvips-linux-ppc64": "1.2.4" }, "os": "linux", "cpu": "ppc64" }, "sha512-7zznwNaqW6YtsfrGGDA6BRkISKAAE1Jo0QdpNYXNMHu2+0dTrPflTLNkpc8l7MUP5M16ZJcUvysVWWrMefZquA=="],

    "@img/sharp-linux-riscv64": ["@img/sharp-linux-riscv64@0.34.5", "", { "optionalDependencies": { "@img/sharp-libvips-linux-riscv64": "1.2.4" }, "os": "linux", "cpu": "none" }, "sha512-51gJuLPTKa7piYPaVs8GmByo7/U7/7TZOq+cnXJIHZKavIRHAP77e3N2HEl3dgiqdD/w0yUfiJnII77PuDDFdw=="],

    "@img/sharp-linux-s390x": ["@img/sharp-linux-s390x@0.34.5", "", { "optionalDependencies": { "@img/sharp-libvips-linux-s390x": "1.2.4" }, "os": "linux", "cpu": "s390x" }, "sha512-nQtCk0PdKfho3eC5MrbQoigJ2gd1CgddUMkabUj+rBevs8tZ2cULOx46E7oyX+04WGfABgIwmMC0VqieTiR4jg=="],

    "@img/sharp-linux-x64": ["@img/sharp-linux-x64@0.34.5", "", { "optionalDependencies": { "@img/sharp-libvips-linux-x64": "1.2.4" }, "os": "linux", "cpu": "x64" }, "sha512-MEzd8HPKxVxVenwAa+JRPwEC7QFjoPWuS5NZnBt6B3pu7EG2Ge0id1oLHZpPJdn3OQK+BQDiw9zStiHBTJQQQQ=="],

    "@img/sharp-linuxmusl-arm64": ["@img/sharp-linuxmusl-arm64@0.34.5", "", { "optionalDependencies": { "@img/sharp-libvips-linuxmusl-arm64": "1.2.4" }, "os": "linux", "cpu": "arm64" }, "sha512-fprJR6GtRsMt6Kyfq44IsChVZeGN97gTD331weR1ex1c1rypDEABN6Tm2xa1wE6lYb5DdEnk03NZPqA7Id21yg=="],

    "@img/sharp-linuxmusl-x64": ["@img/sharp-linuxmusl-x64@0.34.5", "", { "optionalDependencies": { "@img/sharp-libvips-linuxmusl-x64": "1.2.4" }, "os": "linux", "cpu": "x64" }, "sha512-Jg8wNT1MUzIvhBFxViqrEhWDGzqymo3sV7z7ZsaWbZNDLXRJZoRGrjulp60YYtV4wfY8VIKcWidjojlLcWrd8Q=="],

    "@img/sharp-wasm32": ["@img/sharp-wasm32@0.34.5", "", { "dependencies": { "@emnapi/runtime": "^1.7.0" }, "cpu": "none" }, "sha512-OdWTEiVkY2PHwqkbBI8frFxQQFekHaSSkUIJkwzclWZe64O1X4UlUjqqqLaPbUpMOQk6FBu/HtlGXNblIs0huw=="],

    "@img/sharp-win32-arm64": ["@img/sharp-win32-arm64@0.34.5", "", { "os": "win32", "cpu": "arm64" }, "sha512-WQ3AgWCWYSb2yt+IG8mnC6Jdk9Whs7O0gxphblsLvdhSpSTtmu69ZG1Gkb6NuvxsNACwiPV6cNSZNzt0KPsw7g=="],

    "@img/sharp-win32-ia32": ["@img/sharp-win32-ia32@0.34.5", "", { "os": "win32", "cpu": "ia32" }, "sha512-FV9m/7NmeCmSHDD5j4+4pNI8Cp3aW+JvLoXcTUo0IqyjSfAZJ8dIUmijx1qaJsIiU+Hosw6xM5KijAWRJCSgNg=="],

    "@img/sharp-win32-x64": ["@img/sharp-win32-x64@0.34.5", "", { "os": "win32", "cpu": "x64" }, "sha512-+29YMsqY2/9eFEiW93eqWnuLcWcufowXewwSNIT6UwZdUUCrM3oFjMWH/Z6/TMmb4hlFenmfAVbpWeup2jryCw=="],

    "@jridgewell/gen-mapping": ["@jridgewell/gen-mapping@0.3.13", "", { "dependencies": { "@jridgewell/sourcemap-codec": "^1.5.0", "@jridgewell/trace-mapping": "^0.3.24" } }, ""],

    "@jridgewell/resolve-uri": ["@jridgewell/resolve-uri@3.1.2", "", {}, ""],

    "@jridgewell/sourcemap-codec": ["@jridgewell/sourcemap-codec@1.5.5", "", {}, ""],

    "@jridgewell/trace-mapping": ["@jridgewell/trace-mapping@0.3.31", "", { "dependencies": { "@jridgewell/resolve-uri": "^3.1.0", "@jridgewell/sourcemap-codec": "^1.4.14" } }, ""],

    "@jscadui/3mf-export": ["@jscadui/3mf-export@0.5.0", "", {}, "sha512-y5vZktqCjyi7wA38zqNlLIdZUIRZoOO9vCjLzwmL4bR0hk7B/Zm1IeffzJPFe1vFc0C1IEv3hm8caDv3doRk9g=="],

    "@lume/kiwi": ["@lume/kiwi@0.4.4", "", {}, ""],

    "@nodable/entities": ["@nodable/entities@2.2.0", "", {}, "sha512-9uGyhaQavEUMC8AIddIjau4NsnsXhou+j5sBAGojCM1oxmQpVKTWR/9JxABD6UAv12vpIms55fPZKFQEhG6uBg=="],

    "@react-hook/latest": ["@react-hook/latest@1.0.3", "", { "peerDependencies": { "react": ">=16.8" } }, ""],

    "@react-hook/passive-layout-effect": ["@react-hook/passive-layout-effect@1.2.1", "", { "peerDependencies": { "react": ">=16.8" } }, ""],

    "@react-hook/resize-observer": ["@react-hook/resize-observer@2.0.2", "", { "dependencies": { "@react-hook/latest": "^1.0.2", "@react-hook/passive-layout-effect": "^1.2.0" }, "peerDependencies": { "react": ">=18" } }, ""],

    "@remix-run/router": ["@remix-run/router@1.23.3", "", {}, ""],

    "@rollup/rollup-darwin-arm64": ["@rollup/rollup-darwin-arm64@4.62.0", "", { "os": "darwin", "cpu": "arm64" }, ""],

    "@thednp/dommatrix": ["@thednp/dommatrix@3.0.4", "", {}, ""],

    "@tscircuit/alphabet": ["@tscircuit/alphabet@0.0.25", "", { "peerDependencies": { "typescript": "^5.0.0" } }, ""],

    "@tscircuit/capacity-autorouter": ["@tscircuit/capacity-autorouter@0.0.589", "", { "dependencies": { "fast-json-stable-stringify": "^2.1.0", "object-hash": "^3.0.0" } }, ""],

    "@tscircuit/checks": ["@tscircuit/checks@0.0.138", "", { "peerDependencies": { "@flatten-js/core": "*", "@tscircuit/math-utils": "*", "circuit-json": "*", "circuit-json-to-connectivity-map": "*", "typescript": "^5.5.3" } }, ""],

    "@tscircuit/circuit-json-util": ["@tscircuit/circuit-json-util@0.0.96", "", { "dependencies": { "parsel-js": "^1.1.2" }, "peerDependencies": { "circuit-json": "*", "transformation-matrix": "*", "zod": "3" } }, ""],

    "@tscircuit/copper-pour-solver": ["@tscircuit/copper-pour-solver@0.0.32", "", { "dependencies": { "manifold-3d": "^3.4.1" }, "peerDependencies": { "typescript": "^5" } }, "sha512-AiOr8qz8rUmvflU/1K98nLyWSOa8TaA+kJgcUg1WT4oMWIrgc57BbOYM52FC2jSiBPm9T604eB9+NILtcH6PFg=="],

    "@tscircuit/core": ["@tscircuit/core@0.0.1325", "", { "dependencies": { "@flatten-js/core": "^1.6.2", "@lume/kiwi": "^0.4.3", "calculate-cell-boundaries": "^0.0.13", "calculate-packing": "0.0.73", "css-select": "5.1.0", "format-si-unit": "^0.0.3", "nanoid": "^5.0.7", "performance-now": "^2.1.0", "react-reconciler": "^0.32.0", "svg-path-commander": "^2.1.11", "transformation-matrix": "^2.16.1", "zod": "^3.25.67" }, "peerDependencies": { "@tscircuit/capacity-autorouter": "*", "@tscircuit/checks": "*", "@tscircuit/circuit-json-util": "*", "@tscircuit/footprinter": "*", "@tscircuit/infgrid-ijump-astar": "*", "@tscircuit/matchpack": "*", "@tscircuit/math-utils": "*", "@tscircuit/props": "*", "@tscircuit/schematic-match-adapt": "*", "bpc-graph": "*", "circuit-json": "*", "circuit-json-to-bpc": "*", "circuit-json-to-connectivity-map": "*", "schematic-symbols": "*", "typescript": "^5.0.0" } }, ""],

    "@tscircuit/footprinter": ["@tscircuit/footprinter@0.0.358", "", { "dependencies": { "@tscircuit/mm": "^0.0.8", "zod": "^3.23.8" }, "peerDependencies": { "circuit-json": "*" } }, ""],

    "@tscircuit/infer-cable-insertion-point": ["@tscircuit/infer-cable-insertion-point@0.0.2", "", { "peerDependencies": { "typescript": "^5" } }, "sha512-k3JwlGtsdHRRZELJzjXBKP+9xdzn+v4dqllhJIFMcrMvlBIaOTt8CbxLO+vcxPvz8Csf+yFChnTos8/vYcSgNg=="],

    "@tscircuit/infgrid-ijump-astar": ["@tscircuit/infgrid-ijump-astar@0.0.35", "", {}, ""],

    "@tscircuit/matchpack": ["@tscircuit/matchpack@0.0.21", "", { "peerDependencies": { "typescript": "^5" } }, ""],

    "@tscircuit/math-utils": ["@tscircuit/math-utils@0.0.36", "", { "peerDependencies": { "typescript": "^5.0.0" } }, ""],

    "@tscircuit/miniflex": ["@tscircuit/miniflex@0.0.4", "", { "peerDependencies": { "typescript": "^5" } }, "sha512-+Bf/FVAFQfe/foHJXlFPbCjIpi7krjwlrvKgqdQX/J5PnS8xgZW4whe31xqRyN83oWE4zeBV3l2WG2cx3bOvGg=="],

    "@tscircuit/mm": ["@tscircuit/mm@0.0.8", "", { "peerDependencies": { "typescript": "^5.0.0" } }, ""],

    "@tscircuit/props": ["@tscircuit/props@0.0.546", "", { "peerDependencies": { "circuit-json": "*", "react": "*", "zod": "*" } }, ""],

    "@tscircuit/schematic-match-adapt": ["@tscircuit/schematic-match-adapt@0.0.22", "", { "peerDependencies": { "typescript": "^5" } }, ""],

    "@tscircuit/schematic-trace-solver": ["@tscircuit/schematic-trace-solver@0.0.68", "", { "peerDependencies": { "typescript": "^5" } }, "sha512-4BJ80KJJqItvU8I/qPdqfkAGvA+cJb/XG9L9SOxfYRi4Y33jqhgMU4pJf6cOrnA95eBcP5GQNZk+kiI53pBjSw=="],

    "@tscircuit/solver-utils": ["@tscircuit/solver-utils@0.0.19", "", { "peerDependencies": { "graphics-debug": "*", "typescript": "^5" } }, ""],

    "@tscircuit/soup-util": ["@tscircuit/soup-util@0.0.41", "", { "dependencies": { "parsel-js": "^1.1.2" }, "peerDependencies": { "circuit-json": "*", "transformation-matrix": "*", "zod": "*" } }, "sha512-47JKWBUKkRVHhad0HhBbdOJxB6v/eiac46beiKRBMlJqiZ1gPGI276v9iZfpF7c4hXR69cURcgiwuA5vowrFEg=="],

    "@types/estree": ["@types/estree@1.0.9", "", {}, ""],

    "@types/history": ["@types/history@4.7.11", "", {}, ""],

    "@types/ndarray": ["@types/ndarray@1.0.14", "", {}, "sha512-oANmFZMnFQvb219SSBIhI1Ih/r4CvHDOzkWyJS/XRqkMrGH5/kaPSA1hQhdIBzouaE+5KpE/f5ylI9cujmckQg=="],

    "@types/react": ["@types/react@19.2.17", "", { "dependencies": { "csstype": "^3.2.2" } }, ""],

    "@types/react-router": ["@types/react-router@5.1.20", "", { "dependencies": { "@types/history": "^4.7.11", "@types/react": "*" } }, ""],

    "@types/react-router-dom": ["@types/react-router-dom@5.3.3", "", { "dependencies": { "@types/history": "^4.7.11", "@types/react": "*", "@types/react-router": "*" } }, ""],

    "acorn": ["acorn@8.17.0", "", { "bin": "bin/acorn" }, ""],

    "any-promise": ["any-promise@1.3.0", "", {}, ""],

    "anynum": ["anynum@1.0.0", "", {}, "sha512-xjR9/zBVnUOP6ztMIIgShjsxui80nQUQH+5xJnvrYLs+90bF25/KJqaAi8mk+B4RDtX1Nspi6fmp4YTEts8SfA=="],

    "b4a": ["b4a@1.8.1", "", { "peerDependencies": { "react-native-b4a": "*" }, "optionalPeers": ["react-native-b4a"] }, ""],

    "bare-events": ["bare-events@2.9.1", "", { "peerDependencies": { "bare-abort-controller": "*" }, "optionalPeers": ["bare-abort-controller"] }, ""],

    "bare-fs": ["bare-fs@4.7.2", "", { "dependencies": { "bare-events": "^2.5.4", "bare-path": "^3.0.0", "bare-stream": "^2.6.4", "bare-url": "^2.2.2", "fast-fifo": "^1.3.2" }, "peerDependencies": { "bare-buffer": "*" }, "optionalPeers": ["bare-buffer"] }, ""],

    "bare-os": ["bare-os@3.9.1", "", {}, ""],

    "bare-path": ["bare-path@3.0.1", "", { "dependencies": { "bare-os": "^3.0.1" } }, ""],

    "bare-stream": ["bare-stream@2.13.3", "", { "dependencies": { "b4a": "^1.8.1", "streamx": "^2.25.0", "teex": "^1.0.1" }, "peerDependencies": { "bare-abort-controller": "*", "bare-buffer": "*", "bare-events": "*" }, "optionalPeers": ["bare-abort-controller", "bare-buffer"] }, ""],

    "bare-url": ["bare-url@2.4.5", "", { "dependencies": { "bare-path": "^3.0.0" } }, ""],

    "base64-js": ["base64-js@1.5.1", "", {}, ""],

    "bl": ["bl@4.1.0", "", { "dependencies": { "buffer": "^5.5.0", "inherits": "^2.0.4", "readable-stream": "^3.4.0" } }, ""],

    "boolbase": ["boolbase@1.0.0", "", {}, ""],

    "bpc-graph": ["bpc-graph@0.0.66", "", { "peerDependencies": { "typescript": "^5" } }, ""],

    "buffer": ["buffer@5.7.1", "", { "dependencies": { "base64-js": "^1.3.1", "ieee754": "^1.1.13" } }, ""],

    "bun-match-svg": ["bun-match-svg@0.0.15", "", { "dependencies": { "looks-same": "^9.0.1" }, "peerDependencies": { "typescript": "^5.0.0" }, "bin": "cli.ts" }, ""],

    "bundle-require": ["bundle-require@5.1.0", "", { "dependencies": { "load-tsconfig": "^0.2.3" }, "peerDependencies": { "esbuild": ">=0.18" } }, ""],

    "cac": ["cac@6.7.14", "", {}, ""],

    "calculate-cell-boundaries": ["calculate-cell-boundaries@0.0.13", "", { "dependencies": { "@tscircuit/solver-utils": "^0.0.19", "lucide-react": "^1.17.0", "react": "^18.3.1", "react-dom": "^18.3.1" }, "peerDependencies": { "typescript": "^5" } }, ""],

    "calculate-elbow": ["calculate-elbow@0.0.12", "", { "peerDependencies": { "typescript": "^5" } }, "sha512-UkGS4EhabJn1WR6+UyoWpcxhKMx6MxM7+rK+3G0JcaPLMiYlvv5pEuc91unC/nH7kLGHV9xsVavhr5jJ50o+HA=="],

    "calculate-packing": ["calculate-packing@0.0.73", "", { "peerDependencies": { "@tscircuit/circuit-json-util": "*", "typescript": "^5" } }, ""],

    "chokidar": ["chokidar@4.0.3", "", { "dependencies": { "readdirp": "^4.0.1" } }, ""],

    "chownr": ["chownr@1.1.4", "", {}, ""],

    "circuit-json": ["circuit-json@0.0.433", "", {}, ""],

    "circuit-json-to-bpc": ["circuit-json-to-bpc@0.0.13", "", { "peerDependencies": { "bpc-graph": "*", "circuit-json": "*", "typescript": "^5" } }, ""],

    "circuit-json-to-connectivity-map": ["circuit-json-to-connectivity-map@0.0.23", "", { "dependencies": { "@tscircuit/math-utils": "^0.0.9" }, "peerDependencies": { "typescript": "^5.9.3" } }, ""],

    "circuit-json-to-spice": ["circuit-json-to-spice@0.0.37", "", { "dependencies": { "circuit-json-to-connectivity-map": "^0.0.22" }, "peerDependencies": { "@tscircuit/circuit-json-util": "*", "circuit-json": "*", "typescript": "^5.0.0" } }, "sha512-hNPFpuaFpAW2UHjUesWoUZobdDQVovNUx77V34GfHjwAVXbQVd4CBOxSikzmeDdFZSsgTR+4ClmgkF6Ct6ys4A=="],

    "color": ["color@4.2.3", "", { "dependencies": { "color-convert": "^2.0.1", "color-string": "^1.9.0" } }, ""],

    "color-convert": ["color-convert@0.5.3", "", {}, ""],

    "color-diff": ["color-diff@1.4.0", "", {}, ""],

    "color-name": ["color-name@1.1.4", "", {}, ""],

    "color-string": ["color-string@1.9.1", "", { "dependencies": { "color-name": "^1.0.0", "simple-swizzle": "^0.2.2" } }, ""],

    "commander": ["commander@4.1.1", "", {}, ""],

    "confbox": ["confbox@0.1.8", "", {}, ""],

    "connectivity-map": ["connectivity-map@1.0.0", "", { "dependencies": { "@biomejs/biome": "^2.2.2" }, "peerDependencies": { "typescript": "^5" } }, "sha512-AwCFYacp/GaWZE7bkmD95+C/o0jGP+JYT/+v2bLxoITEUHWyLd6HTX7KZQ6clo2h39aLSfIFSlapBVAXGZPXHg=="],

    "consola": ["consola@3.4.2", "", {}, ""],

    "convert-source-map": ["convert-source-map@2.0.0", "", {}, "sha512-Kvp459HrV2FEJ1CAsi1Ku+MY3kasH19TFykTz2xWmMeq6bk2NU3XXvfJ+Q61m0xktWwt+1HSYf3JZsTms3aRJg=="],

    "css-select": ["css-select@5.1.0", "", { "dependencies": { "boolbase": "^1.0.0", "css-what": "^6.1.0", "domhandler": "^5.0.2", "domutils": "^3.0.1", "nth-check": "^2.0.1" } }, ""],

    "css-what": ["css-what@6.2.2", "", {}, ""],

    "csstype": ["csstype@3.2.3", "", {}, ""],

    "cwise-compiler": ["cwise-compiler@1.1.3", "", { "dependencies": { "uniq": "^1.0.0" } }, "sha512-WXlK/m+Di8DMMcCjcWr4i+XzcQra9eCdXIJrgh4TUgh0pIS/yJduLxS9JgefsHJ/YVLdgPtXm9r62W92MvanEQ=="],

    "debug": ["debug@4.4.3", "", { "dependencies": { "ms": "^2.1.3" } }, ""],

    "decompress-response": ["decompress-response@6.0.0", "", { "dependencies": { "mimic-response": "^3.1.0" } }, ""],

    "deep-extend": ["deep-extend@0.6.0", "", {}, ""],

    "deep-rename-keys": ["deep-rename-keys@0.2.1", "", { "dependencies": { "kind-of": "^3.0.2", "rename-keys": "^1.1.2" } }, ""],

    "detect-libc": ["detect-libc@2.1.2", "", {}, ""],

    "dom-serializer": ["dom-serializer@2.0.0", "", { "dependencies": { "domelementtype": "^2.3.0", "domhandler": "^5.0.2", "entities": "^4.2.0" } }, ""],

    "domelementtype": ["domelementtype@2.3.0", "", {}, ""],

    "domhandler": ["domhandler@5.0.3", "", { "dependencies": { "domelementtype": "^2.3.0" } }, ""],

    "domutils": ["domutils@3.2.2", "", { "dependencies": { "dom-serializer": "^2.0.0", "domelementtype": "^2.3.0", "domhandler": "^5.0.3" } }, ""],

    "end-of-stream": ["end-of-stream@1.4.5", "", { "dependencies": { "once": "^1.4.0" } }, ""],

    "entities": ["entities@4.5.0", "", {}, ""],

    "esbuild": ["esbuild@0.27.7", "", { "optionalDependencies": { "@esbuild/darwin-arm64": "0.27.7" }, "bin": "bin/esbuild" }, ""],

    "esbuild-wasm": ["esbuild-wasm@0.27.7", "", { "bin": { "esbuild": "bin/esbuild" } }, "sha512-1k03e2/tGz+sLz3/xzoZmUsIqtaGIvJa8k4UqUeqCUry83nHmlxQYZUUES0WBFUYilSQUf7nDUGAciIIklljSg=="],

    "eventemitter3": ["eventemitter3@2.0.3", "", {}, ""],

    "events-universal": ["events-universal@1.0.1", "", { "dependencies": { "bare-events": "^2.7.0" } }, ""],

    "expand-template": ["expand-template@2.0.3", "", {}, ""],

    "fast-fifo": ["fast-fifo@1.3.2", "", {}, ""],

    "fast-json-stable-stringify": ["fast-json-stable-stringify@2.1.0", "", {}, ""],

    "fast-png": ["fast-png@8.0.0", "", { "dependencies": { "fflate": "^0.8.2", "iobuffer": "^6.0.1" } }, ""],

    "fast-xml-builder": ["fast-xml-builder@1.2.0", "", { "dependencies": { "path-expression-matcher": "^1.5.0", "xml-naming": "^0.1.0" } }, "sha512-00aAWieqff+ZJhsXA4g1g7M8k+7AYoMUUHF+/zFb5U6Uv/P0Vl4QZo84/IcufzYalLuEj9928bXN9PbbFzMF0Q=="],

    "fast-xml-parser": ["fast-xml-parser@5.9.0", "", { "dependencies": { "@nodable/entities": "^2.2.0", "fast-xml-builder": "^1.2.0", "is-unsafe": "^1.0.1", "path-expression-matcher": "^1.5.0", "strnum": "^2.4.0", "xml-naming": "^0.1.0" }, "bin": { "fxparser": "src/cli/cli.js" } }, "sha512-duBuXbyIhEeNO4GjFuVqr0nF047oNwr18aum+zJyqo0MUG/n7Afgs3Qv3D6VN3ONedUKxiuFlPiMGIa0Z11chA=="],

    "fdir": ["fdir@6.5.0", "", { "peerDependencies": { "picomatch": "^3 || ^4" } }, ""],

    "fflate": ["fflate@0.8.3", "", {}, ""],

    "fix-dts-default-cjs-exports": ["fix-dts-default-cjs-exports@1.0.1", "", { "dependencies": { "magic-string": "^0.30.17", "mlly": "^1.7.4", "rollup": "^4.34.8" } }, ""],

    "flatbush": ["flatbush@4.6.2", "", { "dependencies": { "flatqueue": "^3.1.0" } }, "sha512-nNT7MFJ58Q4IAm3aYsEg+zgZGpdRcmR1i4U+aa8c+r91jmYZg7FTQwNnIMC0FyBqVZTbClKdAnrJkKkfp1BOvw=="],

    "flatqueue": ["flatqueue@3.1.0", "", {}, "sha512-Ia4qIYrrsEqIRx3c3XhkT+QDLQuUV5ovsr6ah1rIgKT5wclhoGK3lAMS1bWRAWxlx7wtlTBpV7QXB5d9fOSRxA=="],

    "format-si-unit": ["format-si-unit@0.0.3", "", { "peerDependencies": { "typescript": "^5.0.0" } }, ""],

    "fs-constants": ["fs-constants@1.0.0", "", {}, ""],

    "fs-extra": ["fs-extra@8.1.0", "", { "dependencies": { "graceful-fs": "^4.2.0", "jsonfile": "^4.0.0", "universalify": "^0.1.0" } }, ""],

    "github-from-package": ["github-from-package@0.0.0", "", {}, ""],

    "graceful-fs": ["graceful-fs@4.2.11", "", {}, ""],

    "graphics-debug": ["graphics-debug@0.0.95", "", { "dependencies": { "@react-hook/resize-observer": "^2.0.2", "@tscircuit/alphabet": "^0.0.25", "@types/react-router-dom": "^5.3.3", "fast-png": "^8.0.0", "polished": "^4.3.1", "react-router-dom": "^6.28.0", "react-supergrid": "^1.0.10", "svgson": "^5.3.1", "transformation-matrix": "^3.0.0", "use-mouse-matrix-transform": "^1.3.0" }, "peerDependencies": { "bun-match-svg": "*", "looks-same": "^9.0.1", "typescript": "^5.0.0" }, "bin": { "gd": "dist/cli/cli.js", "graphics-debug": "dist/cli/cli.js" } }, ""],

    "ieee754": ["ieee754@1.2.1", "", {}, ""],

    "inherits": ["inherits@2.0.4", "", {}, ""],

    "ini": ["ini@1.3.8", "", {}, ""],

    "iobuffer": ["iobuffer@6.0.1", "", {}, ""],

    "iota-array": ["iota-array@1.0.0", "", {}, "sha512-pZ2xT+LOHckCatGQ3DcG/a+QuEqvoxqkiL7tvE8nn3uuu+f6i1TtpB5/FtWFbxUuVr5PZCx8KskuGatbJDXOWA=="],

    "is-arrayish": ["is-arrayish@0.3.4", "", {}, ""],

    "is-buffer": ["is-buffer@1.1.6", "", {}, ""],

    "is-unsafe": ["is-unsafe@1.0.1", "", {}, "sha512-CLK2+VdgERgD96EYm5lUQssZYlRg2tkZnbsxZoacmSiRxiFJ4Nk4SzjCl+Ur+v3kXIY9dTIdb3IH22y1mZ56LA=="],

    "joycon": ["joycon@3.1.1", "", {}, ""],

    "js-graph-algorithms": ["js-graph-algorithms@1.0.18", "", { "bin": { "js-graphs": "src/jsgraphs.js" } }, ""],

    "js-tokens": ["js-tokens@4.0.0", "", {}, ""],

    "jsonfile": ["jsonfile@4.0.0", "", { "optionalDependencies": { "graceful-fs": "^4.1.6" } }, ""],

    "kind-of": ["kind-of@3.2.2", "", { "dependencies": { "is-buffer": "^1.1.5" } }, ""],

    "ktx-parse": ["ktx-parse@1.1.0", "", {}, "sha512-mKp3y+FaYgR7mXWAbyyzpa/r1zDWeaunH+INJO4fou3hb45XuNSwar+7llrRyvpMWafxSIi99RNFJ05MHedaJQ=="],

    "lilconfig": ["lilconfig@3.1.3", "", {}, ""],

    "lines-and-columns": ["lines-and-columns@1.2.4", "", {}, ""],

    "load-tsconfig": ["load-tsconfig@0.2.5", "", {}, ""],

    "lodash": ["lodash@4.18.1", "", {}, ""],

    "looks-same": ["looks-same@9.0.1", "", { "dependencies": { "color-diff": "^1.1.0", "fs-extra": "^8.1.0", "js-graph-algorithms": "1.0.18", "lodash": "^4.17.3", "nested-error-stacks": "^2.1.0", "parse-color": "^1.0.0", "sharp": "0.32.6" } }, ""],

    "loose-envify": ["loose-envify@1.4.0", "", { "dependencies": { "js-tokens": "^3.0.0 || ^4.0.0" }, "bin": "cli.js" }, ""],

    "lucide-react": ["lucide-react@1.18.0", "", { "peerDependencies": { "react": "^16.5.1 || ^17.0.0 || ^18.0.0 || ^19.0.0" } }, ""],

    "magic-string": ["magic-string@0.30.21", "", { "dependencies": { "@jridgewell/sourcemap-codec": "^1.5.5" } }, ""],

    "manifold-3d": ["manifold-3d@3.5.1", "", { "dependencies": { "@gltf-transform/core": "^4.2.0", "@gltf-transform/extensions": "^4.2.0", "@gltf-transform/functions": "^4.2.0", "@jridgewell/resolve-uri": "^3.1.2", "@jridgewell/trace-mapping": "^0.3.31", "@jscadui/3mf-export": "^0.5.0", "commander": "^13.1.0", "convert-source-map": "^2.0.0", "fast-xml-parser": "^5.4.2", "fflate": "^0.8.0", "magic-string": "^0.30.21" }, "peerDependencies": { "esbuild-wasm": "^0.27.3" }, "bin": { "manifold-cad": "bin/manifold-cad" } }, "sha512-/+m6kxYMMhnPutcQ5oSmFJiJ+gyP/0fmuUCb9Qeaunvecm/bfqogKYDDJarsnWiFioSMtKheF+lGmSlnYCik9g=="],

    "mimic-response": ["mimic-response@3.1.0", "", {}, ""],

    "minicssgrid": ["minicssgrid@0.0.9", "", { "peerDependencies": { "typescript": "^5" } }, "sha512-brXSEhKa4rhPsEseOOjiNOfnAII0H0FfUU008A6rN2qJ3B6z3r4vK5l1BbEiUqeaSko7OK24ssFiiU5cixmG2A=="],

    "minimist": ["minimist@1.2.8", "", {}, ""],

    "mkdirp-classic": ["mkdirp-classic@0.5.3", "", {}, ""],

    "mlly": ["mlly@1.8.2", "", { "dependencies": { "acorn": "^8.16.0", "pathe": "^2.0.3", "pkg-types": "^1.3.1", "ufo": "^1.6.3" } }, ""],

    "ms": ["ms@2.1.3", "", {}, ""],

    "mz": ["mz@2.7.0", "", { "dependencies": { "any-promise": "^1.0.0", "object-assign": "^4.0.1", "thenify-all": "^1.0.0" } }, ""],

    "nanoid": ["nanoid@5.1.11", "", { "bin": "bin/nanoid.js" }, ""],

    "napi-build-utils": ["napi-build-utils@2.0.0", "", {}, ""],

    "ndarray": ["ndarray@1.0.19", "", { "dependencies": { "iota-array": "^1.0.0", "is-buffer": "^1.0.2" } }, "sha512-B4JHA4vdyZU30ELBw3g7/p9bZupyew5a7tX1Y/gGeF2hafrPaQZhgrGQfsvgfYbgdFZjYwuEcnaobeM/WMW+HQ=="],

    "ndarray-lanczos": ["ndarray-lanczos@0.3.0", "", { "dependencies": { "@types/ndarray": "^1.0.11", "ndarray": "^1.0.19" } }, "sha512-5kBmmG3Zvyj77qxIAC4QFLKuYdDIBJwCG+DukT6jQHNa1Ft74/hPH1z5mbQXeHBt8yvGPBGVrr3wEOdJPYYZYg=="],

    "ndarray-ops": ["ndarray-ops@1.2.2", "", { "dependencies": { "cwise-compiler": "^1.0.0" } }, "sha512-BppWAFRjMYF7N/r6Ie51q6D4fs0iiGmeXIACKY66fLpnwIui3Wc3CXiD/30mgLbDjPpSLrsqcp3Z62+IcHZsDw=="],

    "ndarray-pixels": ["ndarray-pixels@5.0.1", "", { "dependencies": { "@types/ndarray": "^1.0.14", "ndarray": "^1.0.19", "ndarray-ops": "^1.2.2", "sharp": "^0.34.0" } }, "sha512-IBtrpefpqlI8SPDCGjXk4v5NV5z7r3JSuCbfuEEXaM0vrOJtNGgYUa4C3Lt5H+qWdYF4BCPVFsnXhNC7QvZwkw=="],

    "nested-error-stacks": ["nested-error-stacks@2.1.1", "", {}, ""],

    "node-abi": ["node-abi@3.92.0", "", { "dependencies": { "semver": "^7.3.5" } }, ""],

    "node-addon-api": ["node-addon-api@6.1.0", "", {}, ""],

    "nth-check": ["nth-check@2.1.1", "", { "dependencies": { "boolbase": "^1.0.0" } }, ""],

    "object-assign": ["object-assign@4.1.1", "", {}, ""],

    "object-hash": ["object-hash@3.0.0", "", {}, ""],

    "once": ["once@1.4.0", "", { "dependencies": { "wrappy": "1" } }, ""],

    "parse-color": ["parse-color@1.0.0", "", { "dependencies": { "color-convert": "~0.5.0" } }, ""],

    "parsel-js": ["parsel-js@1.2.2", "", {}, ""],

    "path-expression-matcher": ["path-expression-matcher@1.5.0", "", {}, "sha512-cbrerZV+6rvdQrrD+iGMcZFEiiSrbv9Tfdkvnusy6y0x0GKBXREFg/Y65GhIfm0tnLntThhzCnfKwp1WRjeCyQ=="],

    "pathe": ["pathe@2.0.3", "", {}, ""],

    "performance-now": ["performance-now@2.1.0", "", {}, ""],

    "picocolors": ["picocolors@1.1.1", "", {}, ""],

    "picomatch": ["picomatch@4.0.4", "", {}, ""],

    "pirates": ["pirates@4.0.7", "", {}, ""],

    "pkg-types": ["pkg-types@1.3.1", "", { "dependencies": { "confbox": "^0.1.8", "mlly": "^1.7.4", "pathe": "^2.0.1" } }, ""],

    "polished": ["polished@4.3.1", "", { "dependencies": { "@babel/runtime": "^7.17.8" } }, ""],

    "postcss-load-config": ["postcss-load-config@6.0.1", "", { "dependencies": { "lilconfig": "^3.1.1" }, "peerDependencies": { "jiti": ">=1.21.0", "postcss": ">=8.0.9", "tsx": "^4.8.1", "yaml": "^2.4.2" }, "optionalPeers": ["jiti", "postcss", "tsx", "yaml"] }, ""],

    "prebuild-install": ["prebuild-install@7.1.3", "", { "dependencies": { "detect-libc": "^2.0.0", "expand-template": "^2.0.3", "github-from-package": "0.0.0", "minimist": "^1.2.3", "mkdirp-classic": "^0.5.3", "napi-build-utils": "^2.0.0", "node-abi": "^3.3.0", "pump": "^3.0.0", "rc": "^1.2.7", "simple-get": "^4.0.0", "tar-fs": "^2.0.0", "tunnel-agent": "^0.6.0" }, "bin": "bin.js" }, ""],

    "property-graph": ["property-graph@4.1.0", "", {}, "sha512-AvPcP7XECNWy4LGmFQ77k7un4lSKM4eS29PTvW4ck95uYeLxXPWJM7hLuBqK91FaHqCcgJvIUCuNJjjxKE7VKQ=="],

    "pump": ["pump@3.0.4", "", { "dependencies": { "end-of-stream": "^1.1.0", "once": "^1.3.1" } }, ""],

    "rc": ["rc@1.2.8", "", { "dependencies": { "deep-extend": "^0.6.0", "ini": "~1.3.0", "minimist": "^1.2.0", "strip-json-comments": "~2.0.1" }, "bin": "cli.js" }, ""],

    "react": ["react@19.2.7", "", {}, ""],

    "react-dom": ["react-dom@18.3.1", "", { "dependencies": { "loose-envify": "^1.1.0", "scheduler": "^0.23.2" }, "peerDependencies": { "react": "^18.3.1" } }, ""],

    "react-reconciler": ["react-reconciler@0.32.0", "", { "dependencies": { "scheduler": "^0.26.0" }, "peerDependencies": { "react": "^19.1.0" } }, ""],

    "react-router": ["react-router@6.30.4", "", { "dependencies": { "@remix-run/router": "1.23.3" }, "peerDependencies": { "react": ">=16.8" } }, ""],

    "react-router-dom": ["react-router-dom@6.30.4", "", { "dependencies": { "@remix-run/router": "1.23.3", "react-router": "6.30.4" }, "peerDependencies": { "react": ">=16.8", "react-dom": ">=16.8" } }, ""],

    "react-supergrid": ["react-supergrid@1.0.10", "", { "peerDependencies": { "react": "*", "react-dom": "*", "transformation-matrix": "*" } }, ""],

    "readable-stream": ["readable-stream@3.6.2", "", { "dependencies": { "inherits": "^2.0.3", "string_decoder": "^1.1.1", "util-deprecate": "^1.0.1" } }, ""],

    "readdirp": ["readdirp@4.1.2", "", {}, ""],

    "rename-keys": ["rename-keys@1.2.0", "", {}, ""],

    "resolve-from": ["resolve-from@5.0.0", "", {}, ""],

    "rollup": ["rollup@4.62.0", "", { "dependencies": { "@types/estree": "1.0.9" }, "optionalDependencies": { "@rollup/rollup-darwin-arm64": "4.62.0" }, "bin": "dist/bin/rollup" }, ""],

    "safe-buffer": ["safe-buffer@5.2.1", "", {}, ""],

    "scheduler": ["scheduler@0.26.0", "", {}, ""],

    "schematic-symbols": ["schematic-symbols@0.0.225", "", { "peerDependencies": { "typescript": "^5.5.4" } }, ""],

    "semver": ["semver@7.8.4", "", { "bin": "bin/semver.js" }, ""],

    "sharp": ["sharp@0.34.5", "", { "dependencies": { "@img/colour": "^1.0.0", "detect-libc": "^2.1.2", "semver": "^7.7.3" }, "optionalDependencies": { "@img/sharp-darwin-arm64": "0.34.5", "@img/sharp-darwin-x64": "0.34.5", "@img/sharp-libvips-darwin-arm64": "1.2.4", "@img/sharp-libvips-darwin-x64": "1.2.4", "@img/sharp-libvips-linux-arm": "1.2.4", "@img/sharp-libvips-linux-arm64": "1.2.4", "@img/sharp-libvips-linux-ppc64": "1.2.4", "@img/sharp-libvips-linux-riscv64": "1.2.4", "@img/sharp-libvips-linux-s390x": "1.2.4", "@img/sharp-libvips-linux-x64": "1.2.4", "@img/sharp-libvips-linuxmusl-arm64": "1.2.4", "@img/sharp-libvips-linuxmusl-x64": "1.2.4", "@img/sharp-linux-arm": "0.34.5", "@img/sharp-linux-arm64": "0.34.5", "@img/sharp-linux-ppc64": "0.34.5", "@img/sharp-linux-riscv64": "0.34.5", "@img/sharp-linux-s390x": "0.34.5", "@img/sharp-linux-x64": "0.34.5", "@img/sharp-linuxmusl-arm64": "0.34.5", "@img/sharp-linuxmusl-x64": "0.34.5", "@img/sharp-wasm32": "0.34.5", "@img/sharp-win32-arm64": "0.34.5", "@img/sharp-win32-ia32": "0.34.5", "@img/sharp-win32-x64": "0.34.5" } }, "sha512-Ou9I5Ft9WNcCbXrU9cMgPBcCK8LiwLqcbywW3t4oDV37n1pzpuNLsYiAV8eODnjbtQlSDwZ2cUEeQz4E54Hltg=="],

    "simple-concat": ["simple-concat@1.0.1", "", {}, ""],

    "simple-get": ["simple-get@4.0.1", "", { "dependencies": { "decompress-response": "^6.0.0", "once": "^1.3.1", "simple-concat": "^1.0.0" } }, ""],

    "simple-swizzle": ["simple-swizzle@0.2.4", "", { "dependencies": { "is-arrayish": "^0.3.1" } }, ""],

    "source-map": ["source-map@0.7.6", "", {}, ""],

    "spicets": ["spicets@0.0.4", "", { "peerDependencies": { "typescript": "^5" } }, "sha512-qo2dAjKxCtLdxeALJHA3KXc5GC//EUMpeRMtvDwa+qV77FZuunS3uHuG0abjGwnHWmc7hU4sMfpS0zMM7GFpUA=="],

    "spicey": ["spicey@0.0.14", "", { "peerDependencies": { "typescript": "^5" } }, "sha512-iktSN1BteKEpou3158v25fxGJsNZ4MFeBVV0bZFZ5UZ5NnqusVxVQ1ZrPnCO+2FCmTIBqTD66n0GKMxF6+N/xg=="],

    "streamx": ["streamx@2.28.0", "", { "dependencies": { "events-universal": "^1.0.0", "fast-fifo": "^1.3.2", "text-decoder": "^1.1.0" } }, ""],

    "string_decoder": ["string_decoder@1.3.0", "", { "dependencies": { "safe-buffer": "~5.2.0" } }, ""],

    "strip-json-comments": ["strip-json-comments@2.0.1", "", {}, ""],

    "strnum": ["strnum@2.4.0", "", { "dependencies": { "anynum": "^1.0.0" } }, "sha512-sHrVyWWdq28RbhjuJdZsA1SnGRJV6NiXbk6AXBxDOsgAcA+lmpUZCYjOdLBxkXMwis6RRe7dlZt4VlIWFVzkmg=="],

    "sucrase": ["sucrase@3.35.1", "", { "dependencies": { "@jridgewell/gen-mapping": "^0.3.2", "commander": "^4.0.0", "lines-and-columns": "^1.1.6", "mz": "^2.7.0", "pirates": "^4.0.1", "tinyglobby": "^0.2.11", "ts-interface-checker": "^0.1.9" }, "bin": { "sucrase": "bin/sucrase", "sucrase-node": "bin/sucrase-node" } }, ""],

    "svg-path-commander": ["svg-path-commander@2.2.1", "", { "dependencies": { "@thednp/dommatrix": "^3.0.4" } }, ""],

    "svgson": ["svgson@5.3.1", "", { "dependencies": { "deep-rename-keys": "^0.2.1", "xml-reader": "2.4.3" } }, ""],

    "tar-fs": ["tar-fs@3.1.2", "", { "dependencies": { "pump": "^3.0.0", "tar-stream": "^3.1.5" }, "optionalDependencies": { "bare-fs": "^4.0.1", "bare-path": "^3.0.0" } }, ""],

    "tar-stream": ["tar-stream@3.2.0", "", { "dependencies": { "b4a": "^1.6.4", "bare-fs": "^4.5.5", "fast-fifo": "^1.2.0", "streamx": "^2.15.0" } }, ""],

    "teex": ["teex@1.0.1", "", { "dependencies": { "streamx": "^2.12.5" } }, ""],

    "text-decoder": ["text-decoder@1.2.7", "", { "dependencies": { "b4a": "^1.6.4" } }, ""],

    "thenify": ["thenify@3.3.1", "", { "dependencies": { "any-promise": "^1.0.0" } }, ""],

    "thenify-all": ["thenify-all@1.6.0", "", { "dependencies": { "thenify": ">= 3.1.0 < 4" } }, ""],

    "tinyexec": ["tinyexec@0.3.2", "", {}, ""],

    "tinyglobby": ["tinyglobby@0.2.17", "", { "dependencies": { "fdir": "^6.5.0", "picomatch": "^4.0.4" } }, ""],

    "transformation-matrix": ["transformation-matrix@2.16.1", "", {}, ""],

    "tree-kill": ["tree-kill@1.2.2", "", { "bin": "cli.js" }, ""],

    "ts-interface-checker": ["ts-interface-checker@0.1.13", "", {}, ""],

    "tslib": ["tslib@2.8.1", "", {}, ""],

    "tsup": ["tsup@8.5.1", "", { "dependencies": { "bundle-require": "^5.1.0", "cac": "^6.7.14", "chokidar": "^4.0.3", "consola": "^3.4.0", "debug": "^4.4.0", "esbuild": "^0.27.0", "fix-dts-default-cjs-exports": "^1.0.0", "joycon": "^3.1.1", "picocolors": "^1.1.1", "postcss-load-config": "^6.0.1", "resolve-from": "^5.0.0", "rollup": "^4.34.8", "source-map": "^0.7.6", "sucrase": "^3.35.0", "tinyexec": "^0.3.2", "tinyglobby": "^0.2.11", "tree-kill": "^1.2.2" }, "peerDependencies": { "@microsoft/api-extractor": "^7.36.0", "@swc/core": "^1", "postcss": "^8.4.12", "typescript": ">=4.5.0" }, "optionalPeers": ["@microsoft/api-extractor", "@swc/core", "postcss"], "bin": { "tsup": "dist/cli-default.js", "tsup-node": "dist/cli-node.js" } }, ""],

    "tunnel-agent": ["tunnel-agent@0.6.0", "", { "dependencies": { "safe-buffer": "^5.0.1" } }, ""],

    "typescript": ["typescript@5.9.3", "", { "bin": { "tsc": "bin/tsc", "tsserver": "bin/tsserver" } }, ""],

    "ufo": ["ufo@1.6.4", "", {}, ""],

    "uniq": ["uniq@1.0.1", "", {}, "sha512-Gw+zz50YNKPDKXs+9d+aKAjVwpjNwqzvNpLigIruT4HA9lMZNdMqs9x07kKHB/L9WRzqp4+DlTU5s4wG2esdoA=="],

    "universalify": ["universalify@0.1.2", "", {}, ""],

    "use-mouse-matrix-transform": ["use-mouse-matrix-transform@1.3.5", "", { "dependencies": { "transformation-matrix": "^3.0.0" }, "peerDependencies": { "react": "^18.2.0" } }, ""],

    "util-deprecate": ["util-deprecate@1.0.2", "", {}, ""],

    "wrappy": ["wrappy@1.0.2", "", {}, ""],

    "xml-lexer": ["xml-lexer@0.2.2", "", { "dependencies": { "eventemitter3": "^2.0.0" } }, ""],

    "xml-naming": ["xml-naming@0.1.0", "", {}, "sha512-k8KO9hrMyNk6tUWqUfkTEZbezRRpONVOzUTnc97VnCvyj6Tf9lyUR9EDAIeiVLv56jsMcoXEwjW8Kv5yPY52lw=="],

    "xml-reader": ["xml-reader@2.4.3", "", { "dependencies": { "eventemitter3": "^2.0.0", "xml-lexer": "^0.2.2" } }, ""],

    "zod": ["zod@3.25.76", "", {}, ""],

    "calculate-cell-boundaries/react": ["react@18.3.1", "", { "dependencies": { "loose-envify": "^1.1.0" } }, ""],

    "circuit-json-to-connectivity-map/@tscircuit/math-utils": ["@tscircuit/math-utils@0.0.9", "", { "peerDependencies": { "typescript": "^5.0.0" } }, ""],

    "circuit-json-to-spice/circuit-json-to-connectivity-map": ["circuit-json-to-connectivity-map@0.0.22", "", { "dependencies": { "@tscircuit/math-utils": "^0.0.9" }, "peerDependencies": { "typescript": "^5.0.0" } }, "sha512-HN8DiISjZZLTglGEkYNRpKeQ/DMG4dDo5j4Hck0UGSJbpux9aFwtJOGszMf06Inh/gu5oKBrpZJIeWxaNacKUg=="],

    "color/color-convert": ["color-convert@2.0.1", "", { "dependencies": { "color-name": "~1.1.4" } }, ""],

    "graphics-debug/transformation-matrix": ["transformation-matrix@3.1.0", "", {}, ""],

    "looks-same/sharp": ["sharp@0.32.6", "", { "dependencies": { "color": "^4.2.3", "detect-libc": "^2.0.2", "node-addon-api": "^6.1.0", "prebuild-install": "^7.1.1", "semver": "^7.5.4", "simple-get": "^4.0.1", "tar-fs": "^3.0.4", "tunnel-agent": "^0.6.0" } }, ""],

    "manifold-3d/commander": ["commander@13.1.0", "", {}, "sha512-/rFeCpNJQbhSZjGVwO9RFV3xPqbnERS8MmIQzCtD/zl6gpJuV/bMLuN92oG3F7d8oDEHHRrujSXNUr8fpjntKw=="],

    "prebuild-install/tar-fs": ["tar-fs@2.1.4", "", { "dependencies": { "chownr": "^1.1.1", "mkdirp-classic": "^0.5.2", "pump": "^3.0.0", "tar-stream": "^2.1.4" } }, ""],

    "react-dom/scheduler": ["scheduler@0.23.2", "", { "dependencies": { "loose-envify": "^1.1.0" } }, ""],

    "use-mouse-matrix-transform/transformation-matrix": ["transformation-matrix@3.1.0", "", {}, ""],

    "circuit-json-to-spice/circuit-json-to-connectivity-map/@tscircuit/math-utils": ["@tscircuit/math-utils@0.0.9", "", { "peerDependencies": { "typescript": "^5.0.0" } }, ""],

    "prebuild-install/tar-fs/tar-stream": ["tar-stream@2.2.0", "", { "dependencies": { "bl": "^4.0.3", "end-of-stream": "^1.4.1", "fs-constants": "^1.0.0", "inherits": "^2.0.3", "readable-stream": "^3.1.1" } }, ""],
  }
}
